# THIS IS AN AUTOGENERATED FILE. DO NOT EDIT THIS FILE DIRECTLY.
# yarn lockfile v1


bn.js@^4.4.0:
  version "4.11.8"
  resolved "https://registry.yarnpkg.com/bn.js/-/bn.js-4.11.8.tgz#2cde09eb5ee341f484746bb0309b3253b1b1442f"
  integrity sha512-ItfYfPLkWHUjckQCk8xC+LwxgK8NYcXywGigJgSwOP8Y2iyWT4f2vsZnoOXTTbo+o5yXmIUJ4gn5538SO5S3gA==

brorand@^1.0.1:
  version "1.1.0"
  resolved "https://registry.yarnpkg.com/brorand/-/brorand-1.1.0.tgz#12c25efe40a45e3c323eb8675a0a0ce57b22371f"
  integrity sha1-EsJe/kCkXjwyPrhnWgoM5XsiNx8=

debug@^3.1.0:
  version "3.2.6"
  resolved "https://registry.yarnpkg.com/debug/-/debug-3.2.6.tgz#e83d17de16d8a7efb7717edbe5fb10135eee629b"
  integrity sha512-mel+jf7nrtEl5Pn1Qx46zARXKDpBbvzezse7p7LqINmdoIk8PYP5SySaxEmYv6TZ0JyEKA1hsCId6DIhgITtWQ==
  dependencies:
    ms "^2.1.1"

debug@^4.1.1:
  version "4.1.1"
  resolved "https://registry.yarnpkg.com/debug/-/debug-4.1.1.tgz#3b72260255109c6b589cee050f1d516139664791"
  integrity sha512-pYAIzeRo8J6KPEaJ0VWOh5Pzkbw/RetuzehGM7QRRX5he4fPHx2rdKMB256ehJCkX+XRQm16eZLqLNS8RSZXZw==
  dependencies:
    ms "^2.1.1"

elliptic@^6.5.2:
  version "6.5.2"
  resolved "https://registry.yarnpkg.com/elliptic/-/elliptic-6.5.2.tgz#05c5678d7173c049d8ca433552224a495d0e3762"
  integrity sha512-f4x70okzZbIQl/NSRLkI/+tteV/9WqL98zx+SQ69KbXxmVrmjwsNUPn/gYJJ0sHvEak24cZgHIPegRePAtA/xw==
  dependencies:
    bn.js "^4.4.0"
    brorand "^1.0.1"
    hash.js "^1.0.0"
    hmac-drbg "^1.0.0"
    inherits "^2.0.1"
    minimalistic-assert "^1.0.0"
    minimalistic-crypto-utils "^1.0.0"

ffi-napi@^2.5.0:
  version "2.5.0"
  resolved "https://registry.yarnpkg.com/ffi-napi/-/ffi-napi-2.5.0.tgz#77802081e4f3c2160d536781e84e00f8a88961f3"
  integrity sha512-ninYS+GI4BDFOg29dEJ68uZOcWgCp05teU4Lm40vrnyh+E1fYjKYvTDMYAG+WUD75NNHPTJhNjgVqv5whSgU3w==
  dependencies:
    debug "^3.1.0"
    get-uv-event-loop-napi-h "^1.0.5"
    node-addon-api "1.6.1"
    node-gyp-build "^4.2.1"
    ref-napi "^1.5.2"
    ref-struct-di "^1.1.0"

get-symbol-from-current-process-h@^1.0.1, get-symbol-from-current-process-h@^1.0.2:
  version "1.0.2"
  resolved "https://registry.yarnpkg.com/get-symbol-from-current-process-h/-/get-symbol-from-current-process-h-1.0.2.tgz#510af52eaef873f7028854c3377f47f7bb200265"
  integrity sha512-syloC6fsCt62ELLrr1VKBM1ggOpMdetX9hTrdW77UQdcApPHLmf7CI7OKcN1c9kYuNxKcDe4iJ4FY9sX3aw2xw==

get-uv-event-loop-napi-h@^1.0.5:
  version "1.0.6"
  resolved "https://registry.yarnpkg.com/get-uv-event-loop-napi-h/-/get-uv-event-loop-napi-h-1.0.6.tgz#42b0b06b74c3ed21fbac8e7c72845fdb7a200208"
  integrity sha512-t5c9VNR84nRoF+eLiz6wFrEp1SE2Acg0wS+Ysa2zF0eROes+LzOfuTaVHxGy8AbS8rq7FHEJzjnCZo1BupwdJg==
  dependencies:
    get-symbol-from-current-process-h "^1.0.1"

hash.js@^1.0.0, hash.js@^1.0.3:
  version "1.1.7"
  resolved "https://registry.yarnpkg.com/hash.js/-/hash.js-1.1.7.tgz#0babca538e8d4ee4a0f8988d68866537a003cf42"
  integrity sha512-taOaskGt4z4SOANNseOviYDvjEJinIkRgmp7LbKP2YTTmVxWBl87s/uzK9r+44BclBSp2X7K1hqeNfz9JbBeXA==
  dependencies:
    inherits "^2.0.3"
    minimalistic-assert "^1.0.1"

hmac-drbg@^1.0.0:
  version "1.0.1"
  resolved "https://registry.yarnpkg.com/hmac-drbg/-/hmac-drbg-1.0.1.tgz#d2745701025a6c775a6c545793ed502fc0c649a1"
  integrity sha1-0nRXAQJabHdabFRXk+1QL8DGSaE=
  dependencies:
    hash.js "^1.0.3"
    minimalistic-assert "^1.0.0"
    minimalistic-crypto-utils "^1.0.1"

inherits@^2.0.1, inherits@^2.0.3:
  version "2.0.4"
  resolved "https://registry.yarnpkg.com/inherits/-/inherits-2.0.4.tgz#0fa2c64f932917c3433a0ded55363aae37416b7c"
  integrity sha512-k/vGaX4/Yla3WzyMCvTQOXYeIHvqOKtnqBduzTHpzpQZzAskKMhZ2K+EnBiSM9zGSoIFeMpXKxa4dYeZIQqewQ==

minimalistic-assert@^1.0.0, minimalistic-assert@^1.0.1:
  version "1.0.1"
  resolved "https://registry.yarnpkg.com/minimalistic-assert/-/minimalistic-assert-1.0.1.tgz#2e194de044626d4a10e7f7fbc00ce73e83e4d5c7"
  integrity sha512-UtJcAD4yEaGtjPezWuO9wC4nwUnVH/8/Im3yEHQP4b67cXlD/Qr9hdITCU1xDbSEXg2XKNaP8jsReV7vQd00/A==

minimalistic-crypto-utils@^1.0.0, minimalistic-crypto-utils@^1.0.1:
  version "1.0.1"
  resolved "https://registry.yarnpkg.com/minimalistic-crypto-utils/-/minimalistic-crypto-utils-1.0.1.tgz#f6c00c1c0b082246e5c4d99dfb8c7c083b2b582a"
  integrity sha1-9sAMHAsIIkblxNmd+4x8CDsrWCo=

ms@^2.1.1:
  version "2.1.2"
  resolved "https://registry.yarnpkg.com/ms/-/ms-2.1.2.tgz#d09d1f357b443f493382a8eb3ccd183872ae6009"
  integrity sha512-sGkPx+VjMtmA6MX27oA4FBFELFCZZ4S4XqeGOXCv68tT+jb3vk/RyaKWP0PTKyWtmLSM0b+adUTEvbs1PEaH2w==

node-addon-api@1.6.1:
  version "1.6.1"
  resolved "https://registry.yarnpkg.com/node-addon-api/-/node-addon-api-1.6.1.tgz#a9881c8dbc6400bac6ddedcb96eccf8051678536"
  integrity sha512-GcLOYrG5/enbqH4SMsqXt6GQUQGGnDnE3FLDZzXYkCgQHuZV5UDFR+EboeY8kpG0avroyOjpFQ2qLEBosFcRIA==

node-addon-api@^2.0.0:
  version "2.0.0"
  resolved "https://registry.yarnpkg.com/node-addon-api/-/node-addon-api-2.0.0.tgz#f9afb8d777a91525244b01775ea0ddbe1125483b"
  integrity sha512-ASCL5U13as7HhOExbT6OlWJJUV/lLzL2voOSP1UVehpRD8FbSrSDjfScK/KwAvVTI5AS6r4VwbOMlIqtvRidnA==

node-gyp-build@^4.2.1:
  version "4.2.2"
  resolved "https://registry.yarnpkg.com/node-gyp-build/-/node-gyp-build-4.2.2.tgz#3f44b65adaafd42fb6c3d81afd630e45c847eb66"
  integrity sha512-Lqh7mrByWCM8Cf9UPqpeoVBBo5Ugx+RKu885GAzmLBVYjeywScxHXPGLa4JfYNZmcNGwzR0Glu5/9GaQZMFqyA==

ref-napi@^1.5.2:
  version "1.5.2"
  resolved "https://registry.yarnpkg.com/ref-napi/-/ref-napi-1.5.2.tgz#a29f9a0c1aff02f01e023199e4aa8fe7f11f25b9"
  integrity sha512-hwyNmWpUkt1bDWDW4aiwCoC+SJfJO69UIdjqssNqdaS0sYJpgqzosGg/rLtk69UoQ8drZdI9yyQefM7eEMM3Gw==
  dependencies:
    debug "^3.1.0"
    node-addon-api "^2.0.0"
    node-gyp-build "^4.2.1"

ref-napi@^2.0.0:
  version "2.0.0"
  resolved "https://registry.yarnpkg.com/ref-napi/-/ref-napi-2.0.0.tgz#e824275a0a22045605e58e1af06058d2c0c4b81a"
  integrity sha512-OTxXox5cUZ28++UP84bChLiRf/omC5Kok/NAZxHrx93zb+1Sb7pZZYtA2mcMa1044b3HdKsUT+rJQRO/CSiUYg==
  dependencies:
    debug "^4.1.1"
    get-symbol-from-current-process-h "^1.0.2"
    node-addon-api "^2.0.0"
    node-gyp-build "^4.2.1"

ref-struct-di@^1.1.0:
  version "1.1.0"
  resolved "https://registry.yarnpkg.com/ref-struct-di/-/ref-struct-di-1.1.0.tgz#d252144eb449608ccf2e5c12fda35f8153bd3760"
  integrity sha512-gghZITj/iQwdwFDduZ6T8kL2B2ogInlOz7AOB0ggFoEc7akAKMcDrbzh3OIPk13Kxy8U2bHPvN6nejcBh4jN7A==
  dependencies:
    debug "^3.1.0"

tweetnacl@^1.0.3:
  version "1.0.3"
  resolved "https://registry.yarnpkg.com/tweetnacl/-/tweetnacl-1.0.3.tgz#ac0af71680458d8a6378d0d0d050ab1407d35596"
  integrity sha512-6rt+RN7aOi1nGMyC4Xa5DdYiukl2UWCbcJft7YhxReBGQD7OAM8Pbxw6YMo4r2diNEA8FEmu32YOn9rhaiE5yw==
